
Microsoft Visual Studio Solution File, Format Version 12.00
# Visual Studio 2012
Project("{FAE04EC0-301F-11D3-BF4B-00C04F79EFBC}") = "FinalTermProject", "FinalTermProject\FinalTermProject.csproj", "{79B97072-FF48-432C-BB60-A784F5AA2520}"
EndProject
Global
	GlobalSection(SolutionConfigurationPlatforms) = preSolution
		Debug|Any CPU = Debug|Any CPU
		Release|Any CPU = Release|Any CPU
	EndGlobalSection
	GlobalSection(ProjectConfigurationPlatforms) = postSolution
		{79B97072-FF48-432C-BB60-A784F5AA2520}.Debug|Any CPU.ActiveCfg = Debug|Any CPU
		{79B97072-FF48-432C-BB60-A784F5AA2520}.Debug|Any CPU.Build.0 = Debug|Any CPU
		{79B97072-FF48-432C-BB60-A784F5AA2520}.Release|Any CPU.ActiveCfg = Release|Any CPU
		{79B97072-FF48-432C-BB60-A784F5AA2520}.Release|Any CPU.Build.0 = Release|Any CPU
		{79B97072-FF48-432C-BB60-A784F5AA2520}.Release|Any CPU.Deploy.0 = Release|Any CPU
	EndGlobalSection
	GlobalSection(SolutionProperties) = preSolution
		HideSolutionNode = FALSE
	EndGlobalSection
EndGlobal
